
Microsoft Visual Studio Solution File, Format Version 12.00
# Visual Studio Version 16
VisualStudioVersion = 16.0.30114.105
MinimumVisualStudioVersion = 10.0.40219.1
Project("{8BC9CEB8-8B4A-11D0-8D11-00A0C91BC942}") = "De_Tai_Cuoi_Ki", "De_Tai_Cuoi_Ki.vcxproj", "{092057F9-4382-4FB6-8B97-DCC0CD140DEB}"
EndProject
Global
	GlobalSection(SolutionConfigurationPlatforms) = preSolution
		Debug|x64 = Debug|x64
		Debug|x86 = Debug|x86
		Release|x64 = Release|x64
		Release|x86 = Release|x86
	EndGlobalSection
	GlobalSection(ProjectConfigurationPlatforms) = postSolution
		{092057F9-4382-4FB6-8B97-DCC0CD140DEB}.Debug|x64.ActiveCfg = Debug|x64
		{092057F9-4382-4FB6-8B97-DCC0CD140DEB}.Debug|x64.Build.0 = Debug|x64
		{092057F9-4382-4FB6-8B97-DCC0CD140DEB}.Debug|x86.ActiveCfg = Debug|Win32
		{092057F9-4382-4FB6-8B97-DCC0CD140DEB}.Debug|x86.Build.0 = Debug|Win32
		{092057F9-4382-4FB6-8B97-DCC0CD140DEB}.Release|x64.ActiveCfg = Release|x64
		{092057F9-4382-4FB6-8B97-DCC0CD140DEB}.Release|x64.Build.0 = Release|x64
		{092057F9-4382-4FB6-8B97-DCC0CD140DEB}.Release|x86.ActiveCfg = Release|Win32
		{092057F9-4382-4FB6-8B97-DCC0CD140DEB}.Release|x86.Build.0 = Release|Win32
	EndGlobalSection
	GlobalSection(SolutionProperties) = preSolution
		HideSolutionNode = FALSE
	EndGlobalSection
	GlobalSection(ExtensibilityGlobals) = postSolution
		SolutionGuid = {76A77061-3F28-420F-BAAD-6B264BB27D35}
	EndGlobalSection
EndGlobal
